// !$*UTF8*$!
{
	archiveVersion = 1;
	classes = {
	};
	objectVersion = 50;
	objects = {

/* Begin PBXBuildFile section */
		D06C9C2C25F7AFD200354820 /* AppDelegate.swift in Sources */ = {isa = PBXBuildFile; fileRef = D06C9C2B25F7AFD200354820 /* AppDelegate.swift */; };
		D06C9C2E25F7AFD200354820 /* ViewController.swift in Sources */ = {isa = PBXBuildFile; fileRef = D06C9C2D25F7AFD200354820 /* ViewController.swift */; };
		D06C9C3025F7AFD400354820 /* Assets.xcassets in Resources */ = {isa = PBXBuildFile; fileRef = D06C9C2F25F7AFD400354820 /* Assets.xcassets */; };
		D06C9C3325F7AFD400354820 /* Main.storyboard in Resources */ = {isa = PBXBuildFile; fileRef = D06C9C3125F7AFD400354820 /* Main.storyboard */; };
		D06C9C4225F7B01300354820 /* FileProviderExtension.swift in Sources */ = {isa = PBXBuildFile; fileRef = D06C9C4125F7B01300354820 /* FileProviderExtension.swift */; };
		D06C9C4425F7B01300354820 /* FileProviderItem.swift in Sources */ = {isa = PBXBuildFile; fileRef = D06C9C4325F7B01300354820 /* FileProviderItem.swift */; };
		D06C9C4625F7B01300354820 /* FileProviderEnumerator.swift in Sources */ = {isa = PBXBuildFile; fileRef = D06C9C4525F7B01300354820 /* FileProviderEnumerator.swift */; };
		D06C9C4B25F7B01300354820 /* SomeProvider.appex in Embed App Extensions */ = {isa = PBXBuildFile; fileRef = D06C9C3F25F7B01300354820 /* SomeProvider.appex */; settings = {ATTRIBUTES = (RemoveHeadersOnCopy, ); }; };
/* End PBXBuildFile section */

/* Begin PBXContainerItemProxy section */
		D06C9C4925F7B01300354820 /* PBXContainerItemProxy */ = {
			isa = PBXContainerItemProxy;
			containerPortal = D06C9C2025F7AFD200354820 /* Project object */;
			proxyType = 1;
			remoteGlobalIDString = D06C9C3E25F7B01300354820;
			remoteInfo = SomeProvider;
		};
/* End PBXContainerItemProxy section */

/* Begin PBXCopyFilesBuildPhase section */
		D06C9C4F25F7B01300354820 /* Embed App Extensions */ = {
			isa = PBXCopyFilesBuildPhase;
			buildActionMask = 2147483647;
			dstPath = "";
			dstSubfolderSpec = 13;
			files = (
				D06C9C4B25F7B01300354820 /* SomeProvider.appex in Embed App Extensions */,
			);
			name = "Embed App Extensions";
			runOnlyForDeploymentPostprocessing = 0;
		};
/* End PBXCopyFilesBuildPhase section */

/* Begin PBXFileReference section */
		D06C9C2825F7AFD200354820 /* SomeProduct.app */ = {isa = PBXFileReference; explicitFileType = wrapper.application; includeInIndex = 0; path = SomeProduct.app; sourceTree = BUILT_PRODUCTS_DIR; };
		D06C9C2B25F7AFD200354820 /* AppDelegate.swift */ = {isa = PBXFileReference; lastKnownFileType = sourcecode.swift; path = AppDelegate.swift; sourceTree = "<group>"; };
		D06C9C2D25F7AFD200354820 /* ViewController.swift */ = {isa = PBXFileReference; lastKnownFileType = sourcecode.swift; path = ViewController.swift; sourceTree = "<group>"; };
		D06C9C2F25F7AFD400354820 /* Assets.xcassets */ = {isa = PBXFileReference; lastKnownFileType = folder.assetcatalog; path = Assets.xcassets; sourceTree = "<group>"; };
		D06C9C3225F7AFD400354820 /* Base */ = {isa = PBXFileReference; lastKnownFileType = file.storyboard; name = Base; path = Base.lproj/Main.storyboard; sourceTree = "<group>"; };
		D06C9C3425F7AFD400354820 /* Info.plist */ = {isa = PBXFileReference; lastKnownFileType = text.plist.xml; path = Info.plist; sourceTree = "<group>"; };
		D06C9C3525F7AFD400354820 /* SomeProduct.entitlements */ = {isa = PBXFileReference; lastKnownFileType = text.plist.entitlements; path = SomeProduct.entitlements; sourceTree = "<group>"; };
		D06C9C3F25F7B01300354820 /* SomeProvider.appex */ = {isa = PBXFileReference; explicitFileType = "wrapper.app-extension"; includeInIndex = 0; path = SomeProvider.appex; sourceTree = BUILT_PRODUCTS_DIR; };
		D06C9C4125F7B01300354820 /* FileProviderExtension.swift */ = {isa = PBXFileReference; lastKnownFileType = sourcecode.swift; path = FileProviderExtension.swift; sourceTree = "<group>"; };
		D06C9C4325F7B01300354820 /* FileProviderItem.swift */ = {isa = PBXFileReference; lastKnownFileType = sourcecode.swift; path = FileProviderItem.swift; sourceTree = "<group>"; };
		D06C9C4525F7B01300354820 /* FileProviderEnumerator.swift */ = {isa = PBXFileReference; lastKnownFileType = sourcecode.swift; path = FileProviderEnumerator.swift; sourceTree = "<group>"; };
		D06C9C4725F7B01300354820 /* Info.plist */ = {isa = PBXFileReference; lastKnownFileType = text.plist.xml; path = Info.plist; sourceTree = "<group>"; };
		D06C9C4825F7B01300354820 /* SomeProvider.entitlements */ = {isa = PBXFileReference; lastKnownFileType = text.plist.entitlements; path = SomeProvider.entitlements; sourceTree = "<group>"; };
/* End PBXFileReference section */

/* Begin PBXFrameworksBuildPhase section */
		D06C9C2525F7AFD200354820 /* Frameworks */ = {
			isa = PBXFrameworksBuildPhase;
			buildActionMask = 2147483647;
			files = (
			);
			runOnlyForDeploymentPostprocessing = 0;
		};
		D06C9C3C25F7B01300354820 /* Frameworks */ = {
			isa = PBXFrameworksBuildPhase;
			buildActionMask = 2147483647;
			files = (
			);
			runOnlyForDeploymentPostprocessing = 0;
		};
/* End PBXFrameworksBuildPhase section */

/* Begin PBXGroup section */
		D06C9C1F25F7AFD200354820 = {
			isa = PBXGroup;
			children = (
				D06C9C2A25F7AFD200354820 /* SomeProduct */,
				D06C9C4025F7B01300354820 /* SomeProvider */,
				D06C9C2925F7AFD200354820 /* Products */,
			);
			sourceTree = "<group>";
		};
		D06C9C2925F7AFD200354820 /* Products */ = {
			isa = PBXGroup;
			children = (
				D06C9C2825F7AFD200354820 /* SomeProduct.app */,
				D06C9C3F25F7B01300354820 /* SomeProvider.appex */,
			);
			name = Products;
			sourceTree = "<group>";
		};
		D06C9C2A25F7AFD200354820 /* SomeProduct */ = {
			isa = PBXGroup;
			children = (
				D06C9C2B25F7AFD200354820 /* AppDelegate.swift */,
				D06C9C2D25F7AFD200354820 /* ViewController.swift */,
				D06C9C2F25F7AFD400354820 /* Assets.xcassets */,
				D06C9C3125F7AFD400354820 /* Main.storyboard */,
				D06C9C3425F7AFD400354820 /* Info.plist */,
				D06C9C3525F7AFD400354820 /* SomeProduct.entitlements */,
			);
			path = SomeProduct;
			sourceTree = "<group>";
		};
		D06C9C4025F7B01300354820 /* SomeProvider */ = {
			isa = PBXGroup;
			children = (
				D06C9C4125F7B01300354820 /* FileProviderExtension.swift */,
				D06C9C4325F7B01300354820 /* FileProviderItem.swift */,
				D06C9C4525F7B01300354820 /* FileProviderEnumerator.swift */,
				D06C9C4725F7B01300354820 /* Info.plist */,
				D06C9C4825F7B01300354820 /* SomeProvider.entitlements */,
			);
			path = SomeProvider;
			sourceTree = "<group>";
		};
/* End PBXGroup section */

/* Begin PBXNativeTarget section */
		D06C9C2725F7AFD200354820 /* SomeProduct */ = {
			isa = PBXNativeTarget;
			buildConfigurationList = D06C9C3825F7AFD400354820 /* Build configuration list for PBXNativeTarget "SomeProduct" */;
			buildPhases = (
				D06C9C2425F7AFD200354820 /* Sources */,
				D06C9C2525F7AFD200354820 /* Frameworks */,
				D06C9C2625F7AFD200354820 /* Resources */,
				D06C9C4F25F7B01300354820 /* Embed App Extensions */,
			);
			buildRules = (
			);
			dependencies = (
				D06C9C4A25F7B01300354820 /* PBXTargetDependency */,
			);
			name = SomeProduct;
			productName = SomeProduct;
			productReference = D06C9C2825F7AFD200354820 /* SomeProduct.app */;
			productType = "com.apple.product-type.application";
		};
		D06C9C3E25F7B01300354820 /* SomeProvider */ = {
			isa = PBXNativeTarget;
			buildConfigurationList = D06C9C4C25F7B01300354820 /* Build configuration list for PBXNativeTarget "SomeProvider" */;
			buildPhases = (
				D06C9C3B25F7B01300354820 /* Sources */,
				D06C9C3C25F7B01300354820 /* Frameworks */,
				D06C9C3D25F7B01300354820 /* Resources */,
			);
			buildRules = (
			);
			dependencies = (
			);
			name = SomeProvider;
			productName = SomeProvider;
			productReference = D06C9C3F25F7B01300354820 /* SomeProvider.appex */;
			productType = "com.apple.product-type.app-extension";
		};
/* End PBXNativeTarget section */

/* Begin PBXProject section */
		D06C9C2025F7AFD200354820 /* Project object */ = {
			isa = PBXProject;
			attributes = {
				LastSwiftUpdateCheck = 1250;
				LastUpgradeCheck = 1250;
				TargetAttributes = {
					D06C9C2725F7AFD200354820 = {
						CreatedOnToolsVersion = 12.5;
					};
					D06C9C3E25F7B01300354820 = {
						CreatedOnToolsVersion = 12.5;
					};
				};
			};
			buildConfigurationList = D06C9C2325F7AFD200354820 /* Build configuration list for PBXProject "SomeProduct" */;
			compatibilityVersion = "Xcode 9.3";
			developmentRegion = en;
			hasScannedForEncodings = 0;
			knownRegions = (
				en,
				Base,
			);
			mainGroup = D06C9C1F25F7AFD200354820;
			productRefGroup = D06C9C2925F7AFD200354820 /* Products */;
			projectDirPath = "";
			projectRoot = "";
			targets = (
				D06C9C2725F7AFD200354820 /* SomeProduct */,
				D06C9C3E25F7B01300354820 /* SomeProvider */,
			);
		};
/* End PBXProject section */

/* Begin PBXResourcesBuildPhase section */
		D06C9C2625F7AFD200354820 /* Resources */ = {
			isa = PBXResourcesBuildPhase;
			buildActionMask = 2147483647;
			files = (
				D06C9C3025F7AFD400354820 /* Assets.xcassets in Resources */,
				D06C9C3325F7AFD400354820 /* Main.storyboard in Resources */,
			);
			runOnlyForDeploymentPostprocessing = 0;
		};
		D06C9C3D25F7B01300354820 /* Resources */ = {
			isa = PBXResourcesBuildPhase;
			buildActionMask = 2147483647;
			files = (
			);
			runOnlyForDeploymentPostprocessing = 0;
		};
/* End PBXResourcesBuildPhase section */

/* Begin PBXSourcesBuildPhase section */
		D06C9C2425F7AFD200354820 /* Sources */ = {
			isa = PBXSourcesBuildPhase;
			buildActionMask = 2147483647;
			files = (
				D06C9C2E25F7AFD200354820 /* ViewController.swift in Sources */,
				D06C9C2C25F7AFD200354820 /* AppDelegate.swift in Sources */,
			);
			runOnlyForDeploymentPostprocessing = 0;
		};
		D06C9C3B25F7B01300354820 /* Sources */ = {
			isa = PBXSourcesBuildPhase;
			buildActionMask = 2147483647;
			files = (
				D06C9C4225F7B01300354820 /* FileProviderExtension.swift in Sources */,
				D06C9C4425F7B01300354820 /* FileProviderItem.swift in Sources */,
				D06C9C4625F7B01300354820 /* FileProviderEnumerator.swift in Sources */,
			);
			runOnlyForDeploymentPostprocessing = 0;
		};
/* End PBXSourcesBuildPhase section */

/* Begin PBXTargetDependency section */
		D06C9C4A25F7B01300354820 /* PBXTargetDependency */ = {
			isa = PBXTargetDependency;
			target = D06C9C3E25F7B01300354820 /* SomeProvider */;
			targetProxy = D06C9C4925F7B01300354820 /* PBXContainerItemProxy */;
		};
/* End PBXTargetDependency section */

/* Begin PBXVariantGroup section */
		D06C9C3125F7AFD400354820 /* Main.storyboard */ = {
			isa = PBXVariantGroup;
			children = (
				D06C9C3225F7AFD400354820 /* Base */,
			);
			name = Main.storyboard;
			sourceTree = "<group>";
		};
/* End PBXVariantGroup section */

/* Begin XCBuildConfiguration section */
		D06C9C3625F7AFD400354820 /* Debug */ = {
			isa = XCBuildConfiguration;
			buildSettings = {
				ALWAYS_SEARCH_USER_PATHS = NO;
				CLANG_ANALYZER_NONNULL = YES;
				CLANG_ANALYZER_NUMBER_OBJECT_CONVERSION = YES_AGGRESSIVE;
				CLANG_CXX_LANGUAGE_STANDARD = "gnu++14";
				CLANG_CXX_LIBRARY = "libc++";
				CLANG_ENABLE_MODULES = YES;
				CLANG_ENABLE_OBJC_ARC = YES;
				CLANG_ENABLE_OBJC_WEAK = YES;
				CLANG_WARN_BLOCK_CAPTURE_AUTORELEASING = YES;
				CLANG_WARN_BOOL_CONVERSION = YES;
				CLANG_WARN_COMMA = YES;
				CLANG_WARN_CONSTANT_CONVERSION = YES;
				CLANG_WARN_DEPRECATED_OBJC_IMPLEMENTATIONS = YES;
				CLANG_WARN_DIRECT_OBJC_ISA_USAGE = YES_ERROR;
				CLANG_WARN_DOCUMENTATION_COMMENTS = YES;
				CLANG_WARN_EMPTY_BODY = YES;
				CLANG_WARN_ENUM_CONVERSION = YES;
				CLANG_WARN_INFINITE_RECURSION = YES;
				CLANG_WARN_INT_CONVERSION = YES;
				CLANG_WARN_NON_LITERAL_NULL_CONVERSION = YES;
				CLANG_WARN_OBJC_IMPLICIT_RETAIN_SELF = YES;
				CLANG_WARN_OBJC_LITERAL_CONVERSION = YES;
				CLANG_WARN_OBJC_ROOT_CLASS = YES_ERROR;
				CLANG_WARN_QUOTED_INCLUDE_IN_FRAMEWORK_HEADER = YES;
				CLANG_WARN_RANGE_LOOP_ANALYSIS = YES;
				CLANG_WARN_STRICT_PROTOTYPES = YES;
				CLANG_WARN_SUSPICIOUS_MOVE = YES;
				CLANG_WARN_UNGUARDED_AVAILABILITY = YES_AGGRESSIVE;
				CLANG_WARN_UNREACHABLE_CODE = YES;
				CLANG_WARN__DUPLICATE_METHOD_MATCH = YES;
				COPY_PHASE_STRIP = NO;
				DEBUG_INFORMATION_FORMAT = dwarf;
				ENABLE_STRICT_OBJC_MSGSEND = YES;
				ENABLE_TESTABILITY = YES;
				GCC_C_LANGUAGE_STANDARD = gnu11;
				GCC_DYNAMIC_NO_PIC = NO;
				GCC_NO_COMMON_BLOCKS = YES;
				GCC_OPTIMIZATION_LEVEL = 0;
				GCC_PREPROCESSOR_DEFINITIONS = (
					"DEBUG=1",
					"$(inherited)",
				);
				GCC_WARN_64_TO_32_BIT_CONVERSION = YES;
				GCC_WARN_ABOUT_RETURN_TYPE = YES_ERROR;
				GCC_WARN_UNDECLARED_SELECTOR = YES;
				GCC_WARN_UNINITIALIZED_AUTOS = YES_AGGRESSIVE;
				GCC_WARN_UNUSED_FUNCTION = YES;
				GCC_WARN_UNUSED_VARIABLE = YES;
				MACOSX_DEPLOYMENT_TARGET = 11.0;
				MTL_ENABLE_DEBUG_INFO = INCLUDE_SOURCE;
				MTL_FAST_MATH = YES;
				ONLY_ACTIVE_ARCH = YES;
				SDKROOT = macosx;
				SWIFT_ACTIVE_COMPILATION_CONDITIONS = DEBUG;
				SWIFT_OPTIMIZATION_LEVEL = "-Onone";
			};
			name = Debug;
		};
		D06C9C3725F7AFD400354820 /* Release */ = {
			isa = XCBuildConfiguration;
			buildSettings = {
				ALWAYS_SEARCH_USER_PATHS = NO;
				CLANG_ANALYZER_NONNULL = YES;
				CLANG_ANALYZER_NUMBER_OBJECT_CONVERSION = YES_AGGRESSIVE;
				CLANG_CXX_LANGUAGE_STANDARD = "gnu++14";
				CLANG_CXX_LIBRARY = "libc++";
				CLANG_ENABLE_MODULES = YES;
				CLANG_ENABLE_OBJC_ARC = YES;
				CLANG_ENABLE_OBJC_WEAK = YES;
				CLANG_WARN_BLOCK_CAPTURE_AUTORELEASING = YES;
				CLANG_WARN_BOOL_CONVERSION = YES;
				CLANG_WARN_COMMA = YES;
				CLANG_WARN_CONSTANT_CONVERSION = YES;
				CLANG_WARN_DEPRECATED_OBJC_IMPLEMENTATIONS = YES;
				CLANG_WARN_DIRECT_OBJC_ISA_USAGE = YES_ERROR;
				CLANG_WARN_DOCUMENTATION_COMMENTS = YES;
				CLANG_WARN_EMPTY_BODY = YES;
				CLANG_WARN_ENUM_CONVERSION = YES;
				CLANG_WARN_INFINITE_RECURSION = YES;
				CLANG_WARN_INT_CONVERSION = YES;
				CLANG_WARN_NON_LITERAL_NULL_CONVERSION = YES;
				CLANG_WARN_OBJC_IMPLICIT_RETAIN_SELF = YES;
				CLANG_WARN_OBJC_LITERAL_CONVERSION = YES;
				CLANG_WARN_OBJC_ROOT_CLASS = YES_ERROR;
				CLANG_WARN_QUOTED_INCLUDE_IN_FRAMEWORK_HEADER = YES;
				CLANG_WARN_RANGE_LOOP_ANALYSIS = YES;
				CLANG_WARN_STRICT_PROTOTYPES = YES;
				CLANG_WARN_SUSPICIOUS_MOVE = YES;
				CLANG_WARN_UNGUARDED_AVAILABILITY = YES_AGGRESSIVE;
				CLANG_WARN_UNREACHABLE_CODE = YES;
				CLANG_WARN__DUPLICATE_METHOD_MATCH = YES;
				COPY_PHASE_STRIP = NO;
				DEBUG_INFORMATION_FORMAT = "dwarf-with-dsym";
				ENABLE_NS_ASSERTIONS = NO;
				ENABLE_STRICT_OBJC_MSGSEND = YES;
				GCC_C_LANGUAGE_STANDARD = gnu11;
				GCC_NO_COMMON_BLOCKS = YES;
				GCC_WARN_64_TO_32_BIT_CONVERSION = YES;
				GCC_WARN_ABOUT_RETURN_TYPE = YES_ERROR;
				GCC_WARN_UNDECLARED_SELECTOR = YES;
				GCC_WARN_UNINITIALIZED_AUTOS = YES_AGGRESSIVE;
				GCC_WARN_UNUSED_FUNCTION = YES;
				GCC_WARN_UNUSED_VARIABLE = YES;
				MACOSX_DEPLOYMENT_TARGET = 11.0;
				MTL_ENABLE_DEBUG_INFO = NO;
				MTL_FAST_MATH = YES;
				SDKROOT = macosx;
				SWIFT_COMPILATION_MODE = wholemodule;
				SWIFT_OPTIMIZATION_LEVEL = "-O";
			};
			name = Release;
		};
		D06C9C3925F7AFD400354820 /* Debug */ = {
			isa = XCBuildConfiguration;
			buildSettings = {
				ALWAYS_EMBED_SWIFT_STANDARD_LIBRARIES = YES;
				ASSETCATALOG_COMPILER_APPICON_NAME = AppIcon;
				ASSETCATALOG_COMPILER_GLOBAL_ACCENT_COLOR_NAME = AccentColor;
				CODE_SIGN_ENTITLEMENTS = SomeProduct/SomeProduct.entitlements;
				CODE_SIGN_STYLE = Automatic;
				COMBINE_HIDPI_IMAGES = YES;
				DEVELOPMENT_TEAM = 65S3A9JQ35;
				ENABLE_HARDENED_RUNTIME = YES;
				INFOPLIST_FILE = SomeProduct/Info.plist;
				LD_RUNPATH_SEARCH_PATHS = (
					"$(inherited)",
					"@executable_path/../Frameworks",
				);
				PRODUCT_BUNDLE_IDENTIFIER = SomeOrganization.SomeProduct;
				PRODUCT_NAME = "$(TARGET_NAME)";
				SWIFT_VERSION = 5.0;
			};
			name = Debug;
		};
		D06C9C3A25F7AFD400354820 /* Release */ = {
			isa = XCBuildConfiguration;
			buildSettings = {
				ALWAYS_EMBED_SWIFT_STANDARD_LIBRARIES = YES;
				ASSETCATALOG_COMPILER_APPICON_NAME = AppIcon;
				ASSETCATALOG_COMPILER_GLOBAL_ACCENT_COLOR_NAME = AccentColor;
				CODE_SIGN_ENTITLEMENTS = SomeProduct/SomeProduct.entitlements;
				CODE_SIGN_STYLE = Automatic;
				COMBINE_HIDPI_IMAGES = YES;
				DEVELOPMENT_TEAM = 65S3A9JQ35;
				ENABLE_HARDENED_RUNTIME = YES;
				INFOPLIST_FILE = SomeProduct/Info.plist;
				LD_RUNPATH_SEARCH_PATHS = (
					"$(inherited)",
					"@executable_path/../Frameworks",
				);
				PRODUCT_BUNDLE_IDENTIFIER = SomeOrganization.SomeProduct;
				PRODUCT_NAME = "$(TARGET_NAME)";
				SWIFT_VERSION = 5.0;
			};
			name = Release;
		};
		D06C9C4D25F7B01300354820 /* Debug */ = {
			isa = XCBuildConfiguration;
			buildSettings = {
				CODE_SIGN_ENTITLEMENTS = SomeProvider/SomeProvider.entitlements;
				CODE_SIGN_STYLE = Automatic;
				DEVELOPMENT_TEAM = 65S3A9JQ35;
				ENABLE_HARDENED_RUNTIME = YES;
				INFOPLIST_FILE = SomeProvider/Info.plist;
				LD_RUNPATH_SEARCH_PATHS = (
					"$(inherited)",
					"@executable_path/../Frameworks",
					"@executable_path/../../../../Frameworks",
				);
				PRODUCT_BUNDLE_IDENTIFIER = SomeOrganization.SomeProduct.SomeProvider;
				PRODUCT_NAME = "$(TARGET_NAME)";
				SKIP_INSTALL = YES;
				SWIFT_VERSION = 5.0;
			};
			name = Debug;
		};
		D06C9C4E25F7B01300354820 /* Release */ = {
			isa = XCBuildConfiguration;
			buildSettings = {
				CODE_SIGN_ENTITLEMENTS = SomeProvider/SomeProvider.entitlements;
				CODE_SIGN_STYLE = Automatic;
				DEVELOPMENT_TEAM = 65S3A9JQ35;
				ENABLE_HARDENED_RUNTIME = YES;
				INFOPLIST_FILE = SomeProvider/Info.plist;
				LD_RUNPATH_SEARCH_PATHS = (
					"$(inherited)",
					"@executable_path/../Frameworks",
					"@executable_path/../../../../Frameworks",
				);
				PRODUCT_BUNDLE_IDENTIFIER = SomeOrganization.SomeProduct.SomeProvider;
				PRODUCT_NAME = "$(TARGET_NAME)";
				SKIP_INSTALL = YES;
				SWIFT_VERSION = 5.0;
			};
			name = Release;
		};
/* End XCBuildConfiguration section */

/* Begin XCConfigurationList section */
		D06C9C2325F7AFD200354820 /* Build configuration list for PBXProject "SomeProduct" */ = {
			isa = XCConfigurationList;
			buildConfigurations = (
				D06C9C3625F7AFD400354820 /* Debug */,
				D06C9C3725F7AFD400354820 /* Release */,
			);
			defaultConfigurationIsVisible = 0;
			defaultConfigurationName = Release;
		};
		D06C9C3825F7AFD400354820 /* Build configuration list for PBXNativeTarget "SomeProduct" */ = {
			isa = XCConfigurationList;
			buildConfigurations = (
				D06C9C3925F7AFD400354820 /* Debug */,
				D06C9C3A25F7AFD400354820 /* Release */,
			);
			defaultConfigurationIsVisible = 0;
			defaultConfigurationName = Release;
		};
		D06C9C4C25F7B01300354820 /* Build configuration list for PBXNativeTarget "SomeProvider" */ = {
			isa = XCConfigurationList;
			buildConfigurations = (
				D06C9C4D25F7B01300354820 /* Debug */,
				D06C9C4E25F7B01300354820 /* Release */,
			);
			defaultConfigurationIsVisible = 0;
			defaultConfigurationName = Release;
		};
/* End XCConfigurationList section */
	};
	rootObject = D06C9C2025F7AFD200354820 /* Project object */;
}
